
Microsoft Visual Studio Solution File, Format Version 12.00
# Visual Studio 15
VisualStudioVersion = 15.0.28010.2026
MinimumVisualStudioVersion = 10.0.40219.1
Project("{FAE04EC0-301F-11D3-BF4B-00C04F79EFBC}") = "lab 2-2", "lab 2-2\lab 2-2.csproj", "{6F8AD26C-4890-44EB-A9F8-7B5DBAF4767A}"
EndProject
Global
	GlobalSection(SolutionConfigurationPlatforms) = preSolution
		Debug|Any CPU = Debug|Any CPU
		Release|Any CPU = Release|Any CPU
	EndGlobalSection
	GlobalSection(ProjectConfigurationPlatforms) = postSolution
		{6F8AD26C-4890-44EB-A9F8-7B5DBAF4767A}.Debug|Any CPU.ActiveCfg = Debug|Any CPU
		{6F8AD26C-4890-44EB-A9F8-7B5DBAF4767A}.Debug|Any CPU.Build.0 = Debug|Any CPU
		{6F8AD26C-4890-44EB-A9F8-7B5DBAF4767A}.Release|Any CPU.ActiveCfg = Release|Any CPU
		{6F8AD26C-4890-44EB-A9F8-7B5DBAF4767A}.Release|Any CPU.Build.0 = Release|Any CPU
	EndGlobalSection
	GlobalSection(SolutionProperties) = preSolution
		HideSolutionNode = FALSE
	EndGlobalSection
	GlobalSection(ExtensibilityGlobals) = postSolution
		SolutionGuid = {EDB07FF4-BFF1-4A06-B529-38BABB4DF23A}
	EndGlobalSection
EndGlobal
